
Microsoft Visual Studio Solution File, Format Version 12.00
# Visual Studio Version 17
VisualStudioVersion = 17.13.35931.197
MinimumVisualStudioVersion = 10.0.40219.1
Project("{FAE04EC0-301F-11D3-BF4B-00C04F79EFBC}") = "PomDemo", "PomDemo\PomDemo.csproj", "{96519F2E-BD9B-4F89-9333-94509E49C732}"
EndProject
Project("{FAE04EC0-301F-11D3-BF4B-00C04F79EFBC}") = "PomDemoTests", "PomDemoTests\PomDemoTests.csproj", "{81134BAB-111D-42CA-84F7-CD4EC2E8FCD3}"
EndProject
Project("{FAE04EC0-301F-11D3-BF4B-00C04F79EFBC}") = "TodoApp2", "TodoApp2\TodoApp2.csproj", "{75C0E9B7-5B03-4DF8-8D8D-39A850E15DFB}"
EndProject
Project("{FAE04EC0-301F-11D3-BF4B-00C04F79EFBC}") = "WebAssemblyDemo", "WebAssemblyDemo\WebAssemblyDemo\WebAssemblyDemo.csproj", "{252C4B06-0B1C-465D-8CBF-743BC9BD75B8}"
EndProject
Project("{FAE04EC0-301F-11D3-BF4B-00C04F79EFBC}") = "WebAssemblyDemo.Client", "WebAssemblyDemo\WebAssemblyDemo.Client\WebAssemblyDemo.Client.csproj", "{816FA269-71F9-4981-B706-7CFA29D6254D}"
EndProject
Project("{2150E333-8FDC-42A3-9474-1A3956D46DE8}") = "Solution Items", "Solution Items", "{02EA681E-C7D8-13C7-8484-4AC65E1B71E8}"
	ProjectSection(SolutionItems) = preProject
		.gitignore = .gitignore
		.runsettings = .runsettings
	EndProjectSection
EndProject
Project("{FAE04EC0-301F-11D3-BF4B-00C04F79EFBC}") = "TodoApp2Tests", "TodoApp2Tests\TodoApp2Tests.csproj", "{CF6E1DAC-0F1C-4C66-B671-FECEF527B2EA}"
EndProject
Project("{2150E333-8FDC-42A3-9474-1A3956D46DE8}") = "src", "src", "{C52BA327-FB2A-4295-B465-52008F3EA018}"
EndProject
Project("{2150E333-8FDC-42A3-9474-1A3956D46DE8}") = "tests", "tests", "{373A45E0-6E8E-451F-BBEC-916C04CDCD4A}"
EndProject
Project("{FAE04EC0-301F-11D3-BF4B-00C04F79EFBC}") = "WASM.Tests", "WASM.Tests\WASM.Tests.csproj", "{FD9CC99F-260A-4D50-B305-40B84BBA0F0E}"
EndProject
Global
	GlobalSection(SolutionConfigurationPlatforms) = preSolution
		Debug|Any CPU = Debug|Any CPU
		Release|Any CPU = Release|Any CPU
	EndGlobalSection
	GlobalSection(ProjectConfigurationPlatforms) = postSolution
		{96519F2E-BD9B-4F89-9333-94509E49C732}.Debug|Any CPU.ActiveCfg = Debug|Any CPU
		{96519F2E-BD9B-4F89-9333-94509E49C732}.Debug|Any CPU.Build.0 = Debug|Any CPU
		{96519F2E-BD9B-4F89-9333-94509E49C732}.Release|Any CPU.ActiveCfg = Release|Any CPU
		{96519F2E-BD9B-4F89-9333-94509E49C732}.Release|Any CPU.Build.0 = Release|Any CPU
		{81134BAB-111D-42CA-84F7-CD4EC2E8FCD3}.Debug|Any CPU.ActiveCfg = Debug|Any CPU
		{81134BAB-111D-42CA-84F7-CD4EC2E8FCD3}.Debug|Any CPU.Build.0 = Debug|Any CPU
		{81134BAB-111D-42CA-84F7-CD4EC2E8FCD3}.Release|Any CPU.ActiveCfg = Release|Any CPU
		{81134BAB-111D-42CA-84F7-CD4EC2E8FCD3}.Release|Any CPU.Build.0 = Release|Any CPU
		{75C0E9B7-5B03-4DF8-8D8D-39A850E15DFB}.Debug|Any CPU.ActiveCfg = Debug|Any CPU
		{75C0E9B7-5B03-4DF8-8D8D-39A850E15DFB}.Debug|Any CPU.Build.0 = Debug|Any CPU
		{75C0E9B7-5B03-4DF8-8D8D-39A850E15DFB}.Release|Any CPU.ActiveCfg = Release|Any CPU
		{75C0E9B7-5B03-4DF8-8D8D-39A850E15DFB}.Release|Any CPU.Build.0 = Release|Any CPU
		{252C4B06-0B1C-465D-8CBF-743BC9BD75B8}.Debug|Any CPU.ActiveCfg = Debug|Any CPU
		{252C4B06-0B1C-465D-8CBF-743BC9BD75B8}.Debug|Any CPU.Build.0 = Debug|Any CPU
		{252C4B06-0B1C-465D-8CBF-743BC9BD75B8}.Release|Any CPU.ActiveCfg = Release|Any CPU
		{252C4B06-0B1C-465D-8CBF-743BC9BD75B8}.Release|Any CPU.Build.0 = Release|Any CPU
		{816FA269-71F9-4981-B706-7CFA29D6254D}.Debug|Any CPU.ActiveCfg = Debug|Any CPU
		{816FA269-71F9-4981-B706-7CFA29D6254D}.Debug|Any CPU.Build.0 = Debug|Any CPU
		{816FA269-71F9-4981-B706-7CFA29D6254D}.Release|Any CPU.ActiveCfg = Release|Any CPU
		{816FA269-71F9-4981-B706-7CFA29D6254D}.Release|Any CPU.Build.0 = Release|Any CPU
		{CF6E1DAC-0F1C-4C66-B671-FECEF527B2EA}.Debug|Any CPU.ActiveCfg = Debug|Any CPU
		{CF6E1DAC-0F1C-4C66-B671-FECEF527B2EA}.Debug|Any CPU.Build.0 = Debug|Any CPU
		{CF6E1DAC-0F1C-4C66-B671-FECEF527B2EA}.Release|Any CPU.ActiveCfg = Release|Any CPU
		{CF6E1DAC-0F1C-4C66-B671-FECEF527B2EA}.Release|Any CPU.Build.0 = Release|Any CPU
		{FD9CC99F-260A-4D50-B305-40B84BBA0F0E}.Debug|Any CPU.ActiveCfg = Debug|Any CPU
		{FD9CC99F-260A-4D50-B305-40B84BBA0F0E}.Debug|Any CPU.Build.0 = Debug|Any CPU
		{FD9CC99F-260A-4D50-B305-40B84BBA0F0E}.Release|Any CPU.ActiveCfg = Release|Any CPU
		{FD9CC99F-260A-4D50-B305-40B84BBA0F0E}.Release|Any CPU.Build.0 = Release|Any CPU
	EndGlobalSection
	GlobalSection(SolutionProperties) = preSolution
		HideSolutionNode = FALSE
	EndGlobalSection
	GlobalSection(NestedProjects) = preSolution
		{96519F2E-BD9B-4F89-9333-94509E49C732} = {C52BA327-FB2A-4295-B465-52008F3EA018}
		{81134BAB-111D-42CA-84F7-CD4EC2E8FCD3} = {373A45E0-6E8E-451F-BBEC-916C04CDCD4A}
		{75C0E9B7-5B03-4DF8-8D8D-39A850E15DFB} = {C52BA327-FB2A-4295-B465-52008F3EA018}
		{252C4B06-0B1C-465D-8CBF-743BC9BD75B8} = {C52BA327-FB2A-4295-B465-52008F3EA018}
		{816FA269-71F9-4981-B706-7CFA29D6254D} = {C52BA327-FB2A-4295-B465-52008F3EA018}
		{CF6E1DAC-0F1C-4C66-B671-FECEF527B2EA} = {373A45E0-6E8E-451F-BBEC-916C04CDCD4A}
		{FD9CC99F-260A-4D50-B305-40B84BBA0F0E} = {373A45E0-6E8E-451F-BBEC-916C04CDCD4A}
	EndGlobalSection
	GlobalSection(ExtensibilityGlobals) = postSolution
		SolutionGuid = {4B55402C-17B0-42C1-9DE2-B7F9ADDDD952}
	EndGlobalSection
EndGlobal
